#MicroXplorer Configuration settings - do not modify
ADC1.Channel-0\#ChannelRegularConversion=ADC_CHANNEL_1
ADC1.Channel-1\#ChannelRegularConversion=ADC_CHANNEL_10
ADC1.ContinuousConvMode=ENABLE
ADC1.DMAContinuousRequests=ENABLE
ADC1.IPParameters=Rank-0\#ChannelRegularConversion,Channel-0\#ChannelRegularConversion,SamplingTime-0\#ChannelRegularConversion,NbrOfConversionFlag,master,SelectedChannel,Rank-1\#ChannelRegularConversion,Channel-1\#ChannelRegularConversion,SamplingTime-1\#ChannelRegularConversion,NbrOfConversion,ContinuousConvMode,DMAContinuousRequests,SamplingTimeCommon1,SamplingTimeCommon2
ADC1.NbrOfConversion=2
ADC1.NbrOfConversionFlag=1
ADC1.Rank-0\#ChannelRegularConversion=1
ADC1.Rank-1\#ChannelRegularConversion=2
ADC1.SamplingTime-0\#ChannelRegularConversion=ADC_SAMPLINGTIME_COMMON_1
ADC1.SamplingTime-1\#ChannelRegularConversion=ADC_SAMPLINGTIME_COMMON_1
ADC1.SamplingTimeCommon1=ADC_SAMPLETIME_39CYCLES_5
ADC1.SamplingTimeCommon2=ADC_SAMPLETIME_39CYCLES_5
ADC1.SelectedChannel=ADC_CHANNEL_1|ADC_CHANNEL_10
ADC1.master=1
CAD.formats=
CAD.pinconfig=
CAD.provider=
Dma.ADC1.8.Direction=DMA_PERIPH_TO_MEMORY
Dma.ADC1.8.EventEnable=DISABLE
Dma.ADC1.8.Instance=DMA2_Channel2
Dma.ADC1.8.MemDataAlignment=DMA_MDATAALIGN_HALFWORD
Dma.ADC1.8.MemInc=DMA_MINC_ENABLE
Dma.ADC1.8.Mode=DMA_NORMAL
Dma.ADC1.8.PeriphDataAlignment=DMA_PDATAALIGN_HALFWORD
Dma.ADC1.8.PeriphInc=DMA_PINC_DISABLE
Dma.ADC1.8.Polarity=HAL_DMAMUX_REQ_GEN_RISING
Dma.ADC1.8.Priority=DMA_PRIORITY_LOW
Dma.ADC1.8.RequestNumber=1
Dma.ADC1.8.RequestParameters=Instance,Direction,PeriphInc,MemInc,PeriphDataAlignment,MemDataAlignment,Mode,Priority,SignalID,Polarity,RequestNumber,SyncSignalID,SyncPolarity,SyncEnable,EventEnable,SyncRequestNumber
Dma.ADC1.8.SignalID=NONE
Dma.ADC1.8.SyncEnable=DISABLE
Dma.ADC1.8.SyncPolarity=HAL_DMAMUX_SYNC_NO_EVENT
Dma.ADC1.8.SyncRequestNumber=1
Dma.ADC1.8.SyncSignalID=NONE
Dma.Request0=USART2_RX
Dma.Request1=USART2_TX
Dma.Request2=USART3_RX
Dma.Request3=USART3_TX
Dma.Request4=USART1_RX
Dma.Request5=USART1_TX
Dma.Request6=SPI1_RX
Dma.Request7=SPI1_TX
Dma.Request8=ADC1
Dma.RequestsNb=9
Dma.SPI1_RX.6.Direction=DMA_PERIPH_TO_MEMORY
Dma.SPI1_RX.6.EventEnable=DISABLE
Dma.SPI1_RX.6.Instance=DMA1_Channel7
Dma.SPI1_RX.6.MemDataAlignment=DMA_MDATAALIGN_BYTE
Dma.SPI1_RX.6.MemInc=DMA_MINC_ENABLE
Dma.SPI1_RX.6.Mode=DMA_NORMAL
Dma.SPI1_RX.6.PeriphDataAlignment=DMA_PDATAALIGN_BYTE
Dma.SPI1_RX.6.PeriphInc=DMA_PINC_DISABLE
Dma.SPI1_RX.6.Polarity=HAL_DMAMUX_REQ_GEN_RISING
Dma.SPI1_RX.6.Priority=DMA_PRIORITY_LOW
Dma.SPI1_RX.6.RequestNumber=1
Dma.SPI1_RX.6.RequestParameters=Instance,Direction,PeriphInc,MemInc,PeriphDataAlignment,MemDataAlignment,Mode,Priority,SignalID,Polarity,RequestNumber,SyncSignalID,SyncPolarity,SyncEnable,EventEnable,SyncRequestNumber
Dma.SPI1_RX.6.SignalID=NONE
Dma.SPI1_RX.6.SyncEnable=DISABLE
Dma.SPI1_RX.6.SyncPolarity=HAL_DMAMUX_SYNC_NO_EVENT
Dma.SPI1_RX.6.SyncRequestNumber=1
Dma.SPI1_RX.6.SyncSignalID=NONE
Dma.SPI1_TX.7.Direction=DMA_MEMORY_TO_PERIPH
Dma.SPI1_TX.7.EventEnable=DISABLE
Dma.SPI1_TX.7.Instance=DMA2_Channel1
Dma.SPI1_TX.7.MemDataAlignment=DMA_MDATAALIGN_BYTE
Dma.SPI1_TX.7.MemInc=DMA_MINC_ENABLE
Dma.SPI1_TX.7.Mode=DMA_NORMAL
Dma.SPI1_TX.7.PeriphDataAlignment=DMA_PDATAALIGN_BYTE
Dma.SPI1_TX.7.PeriphInc=DMA_PINC_DISABLE
Dma.SPI1_TX.7.Polarity=HAL_DMAMUX_REQ_GEN_RISING
Dma.SPI1_TX.7.Priority=DMA_PRIORITY_LOW
Dma.SPI1_TX.7.RequestNumber=1
Dma.SPI1_TX.7.RequestParameters=Instance,Direction,PeriphInc,MemInc,PeriphDataAlignment,MemDataAlignment,Mode,Priority,SignalID,Polarity,RequestNumber,SyncSignalID,SyncPolarity,SyncEnable,EventEnable,SyncRequestNumber
Dma.SPI1_TX.7.SignalID=NONE
Dma.SPI1_TX.7.SyncEnable=DISABLE
Dma.SPI1_TX.7.SyncPolarity=HAL_DMAMUX_SYNC_NO_EVENT
Dma.SPI1_TX.7.SyncRequestNumber=1
Dma.SPI1_TX.7.SyncSignalID=NONE
Dma.USART1_RX.4.Direction=DMA_PERIPH_TO_MEMORY
Dma.USART1_RX.4.EventEnable=DISABLE
Dma.USART1_RX.4.Instance=DMA1_Channel1
Dma.USART1_RX.4.MemDataAlignment=DMA_MDATAALIGN_BYTE
Dma.USART1_RX.4.MemInc=DMA_MINC_ENABLE
Dma.USART1_RX.4.Mode=DMA_CIRCULAR
Dma.USART1_RX.4.PeriphDataAlignment=DMA_PDATAALIGN_BYTE
Dma.USART1_RX.4.PeriphInc=DMA_PINC_DISABLE
Dma.USART1_RX.4.Polarity=HAL_DMAMUX_REQ_GEN_RISING
Dma.USART1_RX.4.Priority=DMA_PRIORITY_LOW
Dma.USART1_RX.4.RequestNumber=1
Dma.USART1_RX.4.RequestParameters=Instance,Direction,PeriphInc,MemInc,PeriphDataAlignment,MemDataAlignment,Mode,Priority,SignalID,Polarity,RequestNumber,SyncSignalID,SyncPolarity,SyncEnable,EventEnable,SyncRequestNumber
Dma.USART1_RX.4.SignalID=NONE
Dma.USART1_RX.4.SyncEnable=DISABLE
Dma.USART1_RX.4.SyncPolarity=HAL_DMAMUX_SYNC_NO_EVENT
Dma.USART1_RX.4.SyncRequestNumber=1
Dma.USART1_RX.4.SyncSignalID=NONE
Dma.USART1_TX.5.Direction=DMA_MEMORY_TO_PERIPH
Dma.USART1_TX.5.EventEnable=DISABLE
Dma.USART1_TX.5.Instance=DMA1_Channel2
Dma.USART1_TX.5.MemDataAlignment=DMA_MDATAALIGN_BYTE
Dma.USART1_TX.5.MemInc=DMA_MINC_ENABLE
Dma.USART1_TX.5.Mode=DMA_NORMAL
Dma.USART1_TX.5.PeriphDataAlignment=DMA_PDATAALIGN_BYTE
Dma.USART1_TX.5.PeriphInc=DMA_PINC_DISABLE
Dma.USART1_TX.5.Polarity=HAL_DMAMUX_REQ_GEN_RISING
Dma.USART1_TX.5.Priority=DMA_PRIORITY_LOW
Dma.USART1_TX.5.RequestNumber=1
Dma.USART1_TX.5.RequestParameters=Instance,Direction,PeriphInc,MemInc,PeriphDataAlignment,MemDataAlignment,Mode,Priority,SignalID,Polarity,RequestNumber,SyncSignalID,SyncPolarity,SyncEnable,EventEnable,SyncRequestNumber
Dma.USART1_TX.5.SignalID=NONE
Dma.USART1_TX.5.SyncEnable=DISABLE
Dma.USART1_TX.5.SyncPolarity=HAL_DMAMUX_SYNC_NO_EVENT
Dma.USART1_TX.5.SyncRequestNumber=1
Dma.USART1_TX.5.SyncSignalID=NONE
Dma.USART2_RX.0.Direction=DMA_PERIPH_TO_MEMORY
Dma.USART2_RX.0.EventEnable=DISABLE
Dma.USART2_RX.0.Instance=DMA1_Channel4
Dma.USART2_RX.0.MemDataAlignment=DMA_MDATAALIGN_BYTE
Dma.USART2_RX.0.MemInc=DMA_MINC_ENABLE
Dma.USART2_RX.0.Mode=DMA_CIRCULAR
Dma.USART2_RX.0.PeriphDataAlignment=DMA_PDATAALIGN_BYTE
Dma.USART2_RX.0.PeriphInc=DMA_PINC_DISABLE
Dma.USART2_RX.0.Polarity=HAL_DMAMUX_REQ_GEN_RISING
Dma.USART2_RX.0.Priority=DMA_PRIORITY_HIGH
Dma.USART2_RX.0.RequestNumber=1
Dma.USART2_RX.0.RequestParameters=Instance,Direction,PeriphInc,MemInc,PeriphDataAlignment,MemDataAlignment,Mode,Priority,SignalID,Polarity,RequestNumber,SyncSignalID,SyncPolarity,SyncEnable,EventEnable,SyncRequestNumber
Dma.USART2_RX.0.SignalID=NONE
Dma.USART2_RX.0.SyncEnable=DISABLE
Dma.USART2_RX.0.SyncPolarity=HAL_DMAMUX_SYNC_NO_EVENT
Dma.USART2_RX.0.SyncRequestNumber=1
Dma.USART2_RX.0.SyncSignalID=NONE
Dma.USART2_TX.1.Direction=DMA_MEMORY_TO_PERIPH
Dma.USART2_TX.1.EventEnable=DISABLE
Dma.USART2_TX.1.Instance=DMA1_Channel3
Dma.USART2_TX.1.MemDataAlignment=DMA_MDATAALIGN_BYTE
Dma.USART2_TX.1.MemInc=DMA_MINC_ENABLE
Dma.USART2_TX.1.Mode=DMA_NORMAL
Dma.USART2_TX.1.PeriphDataAlignment=DMA_PDATAALIGN_BYTE
Dma.USART2_TX.1.PeriphInc=DMA_PINC_DISABLE
Dma.USART2_TX.1.Polarity=HAL_DMAMUX_REQ_GEN_RISING
Dma.USART2_TX.1.Priority=DMA_PRIORITY_HIGH
Dma.USART2_TX.1.RequestNumber=1
Dma.USART2_TX.1.RequestParameters=Instance,Direction,PeriphInc,MemInc,PeriphDataAlignment,MemDataAlignment,Mode,Priority,SignalID,Polarity,RequestNumber,SyncSignalID,SyncPolarity,SyncEnable,EventEnable,SyncRequestNumber
Dma.USART2_TX.1.SignalID=NONE
Dma.USART2_TX.1.SyncEnable=DISABLE
Dma.USART2_TX.1.SyncPolarity=HAL_DMAMUX_SYNC_NO_EVENT
Dma.USART2_TX.1.SyncRequestNumber=1
Dma.USART2_TX.1.SyncSignalID=NONE
Dma.USART3_RX.2.Direction=DMA_PERIPH_TO_MEMORY
Dma.USART3_RX.2.EventEnable=DISABLE
Dma.USART3_RX.2.Instance=DMA1_Channel5
Dma.USART3_RX.2.MemDataAlignment=DMA_MDATAALIGN_BYTE
Dma.USART3_RX.2.MemInc=DMA_MINC_ENABLE
Dma.USART3_RX.2.Mode=DMA_NORMAL
Dma.USART3_RX.2.PeriphDataAlignment=DMA_PDATAALIGN_BYTE
Dma.USART3_RX.2.PeriphInc=DMA_PINC_DISABLE
Dma.USART3_RX.2.Polarity=HAL_DMAMUX_REQ_GEN_RISING
Dma.USART3_RX.2.Priority=DMA_PRIORITY_LOW
Dma.USART3_RX.2.RequestNumber=1
Dma.USART3_RX.2.RequestParameters=Instance,Direction,PeriphInc,MemInc,PeriphDataAlignment,MemDataAlignment,Mode,Priority,SignalID,Polarity,RequestNumber,SyncSignalID,SyncPolarity,SyncEnable,EventEnable,SyncRequestNumber
Dma.USART3_RX.2.SignalID=NONE
Dma.USART3_RX.2.SyncEnable=DISABLE
Dma.USART3_RX.2.SyncPolarity=HAL_DMAMUX_SYNC_NO_EVENT
Dma.USART3_RX.2.SyncRequestNumber=1
Dma.USART3_RX.2.SyncSignalID=NONE
Dma.USART3_TX.3.Direction=DMA_MEMORY_TO_PERIPH
Dma.USART3_TX.3.EventEnable=DISABLE
Dma.USART3_TX.3.Instance=DMA1_Channel6
Dma.USART3_TX.3.MemDataAlignment=DMA_MDATAALIGN_BYTE
Dma.USART3_TX.3.MemInc=DMA_MINC_ENABLE
Dma.USART3_TX.3.Mode=DMA_NORMAL
Dma.USART3_TX.3.PeriphDataAlignment=DMA_PDATAALIGN_BYTE
Dma.USART3_TX.3.PeriphInc=DMA_PINC_DISABLE
Dma.USART3_TX.3.Polarity=HAL_DMAMUX_REQ_GEN_RISING
Dma.USART3_TX.3.Priority=DMA_PRIORITY_LOW
Dma.USART3_TX.3.RequestNumber=1
Dma.USART3_TX.3.RequestParameters=Instance,Direction,PeriphInc,MemInc,PeriphDataAlignment,MemDataAlignment,Mode,Priority,SignalID,Polarity,RequestNumber,SyncSignalID,SyncPolarity,SyncEnable,EventEnable,SyncRequestNumber
Dma.USART3_TX.3.SignalID=NONE
Dma.USART3_TX.3.SyncEnable=DISABLE
Dma.USART3_TX.3.SyncPolarity=HAL_DMAMUX_SYNC_NO_EVENT
Dma.USART3_TX.3.SyncRequestNumber=1
Dma.USART3_TX.3.SyncSignalID=NONE
FREERTOS.FootprintOK=true
FREERTOS.IPParameters=Tasks01,configTOTAL_HEAP_SIZE,configUSE_IDLE_HOOK,configUSE_MALLOC_FAILED_HOOK,configCHECK_FOR_STACK_OVERFLOW,FootprintOK,configUSE_NEWLIB_REENTRANT
FREERTOS.Tasks01=initTask,24,256,StartDefaultTask,Default,NULL,Dynamic,NULL,NULL
FREERTOS.configCHECK_FOR_STACK_OVERFLOW=2
FREERTOS.configTOTAL_HEAP_SIZE=98304
FREERTOS.configUSE_IDLE_HOOK=1
FREERTOS.configUSE_MALLOC_FAILED_HOOK=1
FREERTOS.configUSE_NEWLIB_REENTRANT=1
File.Version=6
GPIO.groupedBy=Group By Peripherals
IWDG.IPParameters=Prescaler,Window,Reload
IWDG.Prescaler=IWDG_PRESCALER_32
IWDG.Reload=3000
IWDG.Window=3000
KeepUserPlacement=false
Mcu.CPN=STM32G0B0RET6
Mcu.Family=STM32G0
Mcu.IP0=ADC1
Mcu.IP1=CRC
Mcu.IP10=TIM1
Mcu.IP11=TIM3
Mcu.IP12=USART1
Mcu.IP13=USART2
Mcu.IP14=USART3
Mcu.IP2=DMA
Mcu.IP3=FREERTOS
Mcu.IP4=IWDG
Mcu.IP5=NVIC
Mcu.IP6=RCC
Mcu.IP7=RTC
Mcu.IP8=SPI1
Mcu.IP9=SYS
Mcu.IPNb=15
Mcu.Name=STM32G0B0RETx
Mcu.Package=LQFP64
Mcu.Pin0=PC13
Mcu.Pin1=PC14-OSC32_IN (PC14)
Mcu.Pin10=PA6
Mcu.Pin11=PA7
Mcu.Pin12=PC4
Mcu.Pin13=PC5
Mcu.Pin14=PB0
Mcu.Pin15=PB1
Mcu.Pin16=PB2
Mcu.Pin17=PB13
Mcu.Pin18=PB14
Mcu.Pin19=PB15
Mcu.Pin2=PC15-OSC32_OUT (PC15)
Mcu.Pin20=PA8
Mcu.Pin21=PA9
Mcu.Pin22=PC6
Mcu.Pin23=PC7
Mcu.Pin24=PD8
Mcu.Pin25=PD9
Mcu.Pin26=PA10
Mcu.Pin27=PA13
Mcu.Pin28=PA14-BOOT0
Mcu.Pin29=PA15
Mcu.Pin3=PF0-OSC_IN (PF0)
Mcu.Pin30=PC8
Mcu.Pin31=PC9
Mcu.Pin32=PD0
Mcu.Pin33=PD1
Mcu.Pin34=PD2
Mcu.Pin35=PD3
Mcu.Pin36=PD4
Mcu.Pin37=PD5
Mcu.Pin38=PD6
Mcu.Pin39=PB3
Mcu.Pin4=PF1-OSC_OUT (PF1)
Mcu.Pin40=PB4
Mcu.Pin41=PB5
Mcu.Pin42=PB6
Mcu.Pin43=PB7
Mcu.Pin44=PB8
Mcu.Pin45=PB9
Mcu.Pin46=VP_CRC_VS_CRC
Mcu.Pin47=VP_FREERTOS_VS_CMSIS_V2
Mcu.Pin48=VP_IWDG_VS_IWDG
Mcu.Pin49=VP_RTC_VS_RTC_Activate
Mcu.Pin5=PA1
Mcu.Pin50=VP_RTC_VS_RTC_Calendar
Mcu.Pin51=VP_SYS_VS_tim17
Mcu.Pin52=VP_SYS_VS_DBSignals
Mcu.Pin6=PA2
Mcu.Pin7=PA3
Mcu.Pin8=PA4
Mcu.Pin9=PA5
Mcu.PinsNb=53
Mcu.ThirdPartyNb=0
Mcu.UserConstants=
Mcu.UserName=STM32G0B0RETx
MxCube.Version=6.16.1
MxDb.Version=DB.6.0.161
NVIC.ADC1_IRQn=true\:3\:0\:false\:false\:true\:true\:true\:true\:true
NVIC.DMA1_Ch4_7_DMA2_Ch1_5_DMAMUX1_OVR_IRQn=true\:3\:0\:false\:false\:true\:true\:false\:true\:true
NVIC.DMA1_Channel1_IRQn=true\:3\:0\:false\:false\:true\:true\:false\:true\:true
NVIC.DMA1_Channel2_3_IRQn=true\:3\:0\:false\:false\:true\:true\:false\:true\:true
NVIC.EXTI2_3_IRQn=true\:3\:0\:false\:false\:true\:true\:true\:true\:true
NVIC.EXTI4_15_IRQn=true\:3\:0\:false\:false\:true\:true\:true\:true\:true
NVIC.ForceEnableDMAVector=true
NVIC.HardFault_IRQn=true\:0\:0\:false\:false\:true\:false\:false\:false\:false
NVIC.NonMaskableInt_IRQn=true\:0\:0\:false\:false\:true\:false\:false\:false\:false
NVIC.PendSV_IRQn=true\:3\:0\:false\:false\:false\:true\:false\:false\:false
NVIC.SPI1_IRQn=true\:3\:0\:false\:false\:true\:true\:true\:true\:true
NVIC.SVC_IRQn=true\:0\:0\:false\:false\:false\:false\:false\:false\:true
NVIC.SavedPendsvIrqHandlerGenerated=true
NVIC.SavedSvcallIrqHandlerGenerated=true
NVIC.SavedSystickIrqHandlerGenerated=true
NVIC.SysTick_IRQn=true\:3\:0\:false\:false\:false\:true\:false\:true\:false
NVIC.TIM17_IRQn=true\:3\:0\:false\:false\:true\:false\:false\:true\:true
NVIC.TimeBase=TIM17_IRQn
NVIC.TimeBaseIP=TIM17
NVIC.USART1_IRQn=true\:3\:0\:false\:false\:true\:true\:true\:true\:true
NVIC.USART2_IRQn=true\:3\:0\:false\:false\:true\:true\:true\:true\:true
NVIC.USART3_4_5_6_IRQn=true\:3\:0\:false\:false\:true\:true\:true\:true\:true
PA1.GPIOParameters=GPIO_Label
PA1.GPIO_Label=PD_ADC
PA1.Mode=IN1
PA1.Signal=ADC1_IN1
PA10.GPIOParameters=GPIO_Speed,GPIO_Label
PA10.GPIO_Label=DEBUG_RX1
PA10.GPIO_Speed=GPIO_SPEED_FREQ_VERY_HIGH
PA10.Mode=Asynchronous
PA10.Signal=USART1_RX
PA13.Mode=Serial_Wire
PA13.Signal=SYS_SWDIO
PA14-BOOT0.Mode=Serial_Wire
PA14-BOOT0.Signal=SYS_SWCLK
PA15.GPIOParameters=GPIO_Speed,GPIO_PuPd,GPIO_Label
PA15.GPIO_Label=HEAT_EN
PA15.GPIO_PuPd=GPIO_PULLDOWN
PA15.GPIO_Speed=GPIO_SPEED_FREQ_VERY_HIGH
PA15.Locked=true
PA15.Signal=GPIO_Output
PA2.GPIOParameters=GPIO_Speed,GPIO_Label
PA2.GPIO_Label=U2_TX
PA2.GPIO_Speed=GPIO_SPEED_FREQ_VERY_HIGH
PA2.Mode=Asynchronous
PA2.Signal=USART2_TX
PA3.GPIOParameters=GPIO_Speed,GPIO_Label
PA3.GPIO_Label=U2_RX
PA3.GPIO_Speed=GPIO_SPEED_FREQ_VERY_HIGH
PA3.Mode=Asynchronous
PA3.Signal=USART2_RX
PA4.GPIOParameters=GPIO_Speed,GPIO_Label,GPIO_ModeDefaultOutputPP
PA4.GPIO_Label=SPI1_CS
PA4.GPIO_ModeDefaultOutputPP=GPIO_MODE_OUTPUT_PP
PA4.GPIO_Speed=GPIO_SPEED_FREQ_VERY_HIGH
PA4.Locked=true
PA4.Signal=GPIO_Output
PA5.GPIOParameters=GPIO_Speed,GPIO_Label
PA5.GPIO_Label=SPI1_CLK
PA5.GPIO_Speed=GPIO_SPEED_FREQ_VERY_HIGH
PA5.Mode=Full_Duplex_Master
PA5.Signal=SPI1_SCK
PA6.GPIOParameters=GPIO_Speed,GPIO_Label
PA6.GPIO_Label=SPI1_MISO
PA6.GPIO_Speed=GPIO_SPEED_FREQ_VERY_HIGH
PA6.Mode=Full_Duplex_Master
PA6.Signal=SPI1_MISO
PA7.GPIOParameters=GPIO_Speed,GPIO_Label
PA7.GPIO_Label=SPI1_MOSI
PA7.GPIO_Speed=GPIO_SPEED_FREQ_VERY_HIGH
PA7.Mode=Full_Duplex_Master
PA7.Signal=SPI1_MOSI
PA8.GPIOParameters=GPIO_Speed,GPIO_Label
PA8.GPIO_Label=ALARM_OUT1
PA8.GPIO_Speed=GPIO_SPEED_FREQ_VERY_HIGH
PA8.Locked=true
PA8.Signal=GPIO_Output
PA9.GPIOParameters=GPIO_Speed,GPIO_Label
PA9.GPIO_Label=DEBUG_TX1
PA9.GPIO_Speed=GPIO_SPEED_FREQ_VERY_HIGH
PA9.Mode=Asynchronous
PA9.Signal=USART1_TX
PB0.GPIOParameters=GPIO_Speed,PinState,GPIO_PuPd,GPIO_Label
PB0.GPIO_Label=RADAR_EN
PB0.GPIO_PuPd=GPIO_PULLDOWN
PB0.GPIO_Speed=GPIO_SPEED_FREQ_VERY_HIGH
PB0.Locked=true
PB0.PinState=GPIO_PIN_RESET
PB0.Signal=GPIO_Output
PB1.GPIOParameters=GPIO_Speed,GPIO_Label
PB1.GPIO_Label=RS485_DE3
PB1.GPIO_Speed=GPIO_SPEED_FREQ_VERY_HIGH
PB1.Mode=Hardware Flow Control (RS485)
PB1.Signal=USART3_DE
PB13.GPIOParameters=GPIO_PuPd,GPIO_Label,GPIO_ModeDefaultEXTI
PB13.GPIO_Label=ALARM_IN0
PB13.GPIO_ModeDefaultEXTI=GPIO_MODE_IT_RISING_FALLING
PB13.GPIO_PuPd=GPIO_PULLUP
PB13.Locked=true
PB13.Signal=GPXTI13
PB14.GPIOParameters=GPIO_PuPd,GPIO_Label,GPIO_ModeDefaultEXTI
PB14.GPIO_Label=ALARM_IN1
PB14.GPIO_ModeDefaultEXTI=GPIO_MODE_IT_RISING_FALLING
PB14.GPIO_PuPd=GPIO_PULLUP
PB14.Locked=true
PB14.Signal=GPXTI14
PB15.GPIOParameters=GPIO_Label
PB15.GPIO_Label=ALARM_OUT0
PB15.Locked=true
PB15.Signal=GPIO_Output
PB2.GPIOParameters=GPIO_Label
PB2.GPIO_Label=TEMP_ADC
PB2.Mode=IN10
PB2.Signal=ADC1_IN10
PB3.GPIOParameters=GPIO_Speed,PinState,GPIO_PuPd,GPIO_Label
PB3.GPIO_Label=LENS_EN
PB3.GPIO_PuPd=GPIO_PULLUP
PB3.GPIO_Speed=GPIO_SPEED_FREQ_VERY_HIGH
PB3.Locked=true
PB3.PinState=GPIO_PIN_SET
PB3.Signal=GPIO_Output
PB4.GPIOParameters=GPIO_Speed,GPIO_Label
PB4.GPIO_Label=PWM_RLED
PB4.GPIO_Speed=GPIO_SPEED_FREQ_VERY_HIGH
PB4.Signal=S_TIM3_CH1
PB5.GPIOParameters=GPIO_Speed,GPIO_Label
PB5.GPIO_Label=PWM_WLED
PB5.GPIO_Speed=GPIO_SPEED_FREQ_VERY_HIGH
PB5.Signal=S_TIM3_CH2
PB6.GPIOParameters=GPIO_FM6,GPIO_Speed,GPIO_PuPd,GPIO_Label
PB6.GPIO_FM6=SYSCFG_FASTMODEPLUS_PB6
PB6.GPIO_Label=RLED_EN
PB6.GPIO_PuPd=GPIO_PULLDOWN
PB6.GPIO_Speed=GPIO_SPEED_FREQ_VERY_HIGH
PB6.Locked=true
PB6.Signal=GPIO_Output
PB7.GPIOParameters=GPIO_Speed,GPIO_PuPd,GPIO_Label,GPIO_FM7
PB7.GPIO_FM7=SYSCFG_FASTMODEPLUS_PB7
PB7.GPIO_Label=WLED_EN
PB7.GPIO_PuPd=GPIO_PULLDOWN
PB7.GPIO_Speed=GPIO_SPEED_FREQ_VERY_HIGH
PB7.Locked=true
PB7.Signal=GPIO_Output
PB8.GPIOParameters=GPIO_Speed,PinState,GPIO_PuPd,GPIO_Label,GPIO_FM8
PB8.GPIO_FM8=SYSCFG_FASTMODEPLUS_PB8
PB8.GPIO_Label=IR_CUT_EN
PB8.GPIO_PuPd=GPIO_PULLUP
PB8.GPIO_Speed=GPIO_SPEED_FREQ_VERY_HIGH
PB8.Locked=true
PB8.PinState=GPIO_PIN_SET
PB8.Signal=GPIO_Output
PB9.GPIOParameters=GPIO_Speed,GPIO_PuPd,GPIO_Label,GPIO_FM9
PB9.GPIO_FM9=SYSCFG_FASTMODEPLUS_PB9
PB9.GPIO_Label=FAN_EN
PB9.GPIO_PuPd=GPIO_PULLDOWN
PB9.GPIO_Speed=GPIO_SPEED_FREQ_VERY_HIGH
PB9.Locked=true
PB9.Signal=GPIO_Output
PC13.Locked=true
PC13.Signal=GPIO_Output
PC14-OSC32_IN\ (PC14).Mode=LSE-External-Oscillator
PC14-OSC32_IN\ (PC14).Signal=RCC_OSC32_IN
PC15-OSC32_OUT\ (PC15).Mode=LSE-External-Oscillator
PC15-OSC32_OUT\ (PC15).Signal=RCC_OSC32_OUT
PC4.GPIOParameters=GPIO_Speed,GPIO_Label
PC4.GPIO_Label=RS485_TX3
PC4.GPIO_Speed=GPIO_SPEED_FREQ_VERY_HIGH
PC4.Mode=Asynchronous
PC4.Signal=USART3_TX
PC5.GPIOParameters=GPIO_Speed,GPIO_Label
PC5.GPIO_Label=RS485_RX3
PC5.GPIO_Speed=GPIO_SPEED_FREQ_VERY_HIGH
PC5.Locked=true
PC5.Mode=Asynchronous
PC5.Signal=USART3_RX
PC6.GPIOParameters=GPIO_Speed,GPIO_Label
PC6.GPIO_Label=WIEGAND_OUT0
PC6.GPIO_Speed=GPIO_SPEED_FREQ_VERY_HIGH
PC6.Locked=true
PC6.Signal=GPIO_Output
PC7.GPIOParameters=GPIO_Speed,GPIO_Label
PC7.GPIO_Label=WIEGAND_OUT1
PC7.GPIO_Speed=GPIO_SPEED_FREQ_VERY_HIGH
PC7.Locked=true
PC7.Signal=GPIO_Output
PC8.GPIOParameters=GPIO_Speed,GPIO_Label
PC8.GPIO_Label=PWM_NEAR
PC8.GPIO_Speed=GPIO_SPEED_FREQ_VERY_HIGH
PC8.Signal=S_TIM1_CH1
PC9.GPIOParameters=GPIO_Speed,GPIO_Label
PC9.GPIO_Label=PWM_FAR
PC9.GPIO_Speed=GPIO_SPEED_FREQ_VERY_HIGH
PC9.Signal=S_TIM1_CH2
PCC.Checker=false
PCC.Line=STM32G0x0 Value line
PCC.MCU=STM32G0B0RETx
PCC.PartNumber=STM32G0B0RETx
PCC.Series=STM32G0
PCC.Temperature=25
PCC.Vdd=3.0
PD0.GPIOParameters=GPIO_Speed,GPIO_Label
PD0.GPIO_Label=VD_IS
PD0.GPIO_Speed=GPIO_SPEED_FREQ_VERY_HIGH
PD0.Locked=true
PD0.Signal=GPIO_Output
PD1.GPIOParameters=GPIO_Speed,GPIO_Label
PD1.GPIO_Label=VD_FZ
PD1.GPIO_Speed=GPIO_SPEED_FREQ_VERY_HIGH
PD1.Locked=true
PD1.Signal=GPIO_Output
PD2.GPIOParameters=GPIO_PuPd,GPIO_Label,GPIO_ModeDefaultEXTI
PD2.GPIO_Label=PLS1
PD2.GPIO_ModeDefaultEXTI=GPIO_MODE_IT_FALLING
PD2.GPIO_PuPd=GPIO_PULLUP
PD2.Locked=true
PD2.Signal=GPXTI2
PD3.GPIOParameters=GPIO_PuPd,GPIO_Label,GPIO_ModeDefaultEXTI
PD3.GPIO_Label=PLS2
PD3.GPIO_ModeDefaultEXTI=GPIO_MODE_IT_FALLING
PD3.GPIO_PuPd=GPIO_PULLUP
PD3.Locked=true
PD3.Signal=GPXTI3
PD4.GPIOParameters=GPIO_Speed,PinState,GPIO_Label
PD4.GPIO_Label=RSTB
PD4.GPIO_Speed=GPIO_SPEED_FREQ_VERY_HIGH
PD4.Locked=true
PD4.PinState=GPIO_PIN_SET
PD4.Signal=GPIO_Output
PD5.GPIOParameters=GPIO_PuPd,GPIO_Label,GPIO_ModeDefaultEXTI
PD5.GPIO_Label=Z_RST
PD5.GPIO_ModeDefaultEXTI=GPIO_MODE_IT_FALLING
PD5.GPIO_PuPd=GPIO_PULLUP
PD5.Locked=true
PD5.Signal=GPXTI5
PD6.GPIOParameters=GPIO_PuPd,GPIO_Label,GPIO_ModeDefaultEXTI
PD6.GPIO_Label=F_RST
PD6.GPIO_ModeDefaultEXTI=GPIO_MODE_IT_FALLING
PD6.GPIO_PuPd=GPIO_PULLUP
PD6.Locked=true
PD6.Signal=GPXTI6
PD8.GPIOParameters=GPIO_Speed,GPIO_PuPd,GPIO_Label
PD8.GPIO_Label=PWR_RST
PD8.GPIO_PuPd=GPIO_NOPULL
PD8.GPIO_Speed=GPIO_SPEED_FREQ_VERY_HIGH
PD8.Locked=true
PD8.Signal=GPIO_Output
PD9.GPIOParameters=GPIO_Speed,GPIO_Label
PD9.GPIO_Label=SYS_LED
PD9.GPIO_Speed=GPIO_SPEED_FREQ_VERY_HIGH
PD9.Locked=true
PD9.Signal=GPIO_Output
PF0-OSC_IN\ (PF0).Mode=HSE-External-Oscillator
PF0-OSC_IN\ (PF0).Signal=RCC_OSC_IN
PF1-OSC_OUT\ (PF1).Mode=HSE-External-Oscillator
PF1-OSC_OUT\ (PF1).Signal=RCC_OSC_OUT
PinOutPanel.RotationAngle=0
ProjectManager.AskForMigrate=true
ProjectManager.BackupPrevious=false
ProjectManager.CompilerLinker=GCC
ProjectManager.CompilerOptimize=6
ProjectManager.ComputerToolchain=false
ProjectManager.CoupleFile=true
ProjectManager.CustomerFirmwarePackage=
ProjectManager.DefaultFWLocation=true
ProjectManager.DeletePrevious=true
ProjectManager.DeviceId=STM32G0B0RETx
ProjectManager.FirmwarePackage=STM32Cube FW_G0 V1.6.2
ProjectManager.FreePins=false
ProjectManager.FreePinsContext=
ProjectManager.HalAssertFull=false
ProjectManager.HeapSize=0x400
ProjectManager.KeepUserCode=true
ProjectManager.LastFirmware=false
ProjectManager.LibraryCopy=1
ProjectManager.MainLocation=Core/Src
ProjectManager.NoMain=false
ProjectManager.PreviousToolchain=STM32CubeIDE
ProjectManager.ProjectBuild=false
ProjectManager.ProjectFileName=ne503_mcu.ioc
ProjectManager.ProjectName=ne503_mcu
ProjectManager.ProjectStructure=
ProjectManager.RegisterCallBack=
ProjectManager.StackSize=0x800
ProjectManager.TargetToolchain=STM32CubeIDE
ProjectManager.ToolChainLocation=
ProjectManager.UAScriptAfterPath=
ProjectManager.UAScriptBeforePath=
ProjectManager.UnderRoot=true
ProjectManager.functionlistsort=1-SystemClock_Config-RCC-false-HAL-false,2-MX_GPIO_Init-GPIO-false-HAL-true,3-MX_DMA_Init-DMA-false-HAL-true,4-MX_ADC1_Init-ADC1-false-HAL-true,5-MX_IWDG_Init-IWDG-false-HAL-true,6-MX_RTC_Init-RTC-false-HAL-true,7-MX_SPI1_Init-SPI1-false-HAL-true,8-MX_TIM1_Init-TIM1-false-HAL-true,9-MX_TIM3_Init-TIM3-false-HAL-true,10-MX_USART1_UART_Init-USART1-false-HAL-true,11-MX_USART2_UART_Init-USART2-false-HAL-true,12-MX_USART3_UART_Init-USART3-false-HAL-true,13-MX_CRC_Init-CRC-false-HAL-true
RCC.ADCFreq_Value=64000000
RCC.AHBFreq_Value=64000000
RCC.APBFreq_Value=64000000
RCC.APBTimFreq_Value=64000000
RCC.CortexFreq_Value=64000000
RCC.EXTERNAL_CLOCK_VALUE=48000
RCC.FCLKCortexFreq_Value=64000000
RCC.FamilyName=M
RCC.HCLKFreq_Value=64000000
RCC.HSE_VALUE=24000000
RCC.HSI_VALUE=16000000
RCC.I2C1Freq_Value=64000000
RCC.I2C2Freq_Value=64000000
RCC.I2S1Freq_Value=64000000
RCC.I2S2Freq_Value=64000000
RCC.IPParameters=ADCFreq_Value,AHBFreq_Value,APBFreq_Value,APBTimFreq_Value,CortexFreq_Value,EXTERNAL_CLOCK_VALUE,FCLKCortexFreq_Value,FamilyName,HCLKFreq_Value,HSE_VALUE,HSI_VALUE,I2C1Freq_Value,I2C2Freq_Value,I2S1Freq_Value,I2S2Freq_Value,LSCOPinFreq_Value,LSI_VALUE,MCO1PinFreq_Value,MCO2PinFreq_Value,PLLM,PLLN,PLLPoutputFreq_Value,PLLQoutputFreq_Value,PLLR,PLLRCLKFreq_Value,PLLSourceVirtual,PWRFreq_Value,RTCClockSelection,RTCFreq_Value,RTCWUPFreq_Value,SYSCLKFreq_VALUE,SYSCLKSource,USART1Freq_Value,USART2Freq_Value,USART3Freq_Value,USBFreq_Value,VCOInputFreq_Value,VCOOutputFreq_Value
RCC.LSCOPinFreq_Value=32000
RCC.LSI_VALUE=32000
RCC.MCO1PinFreq_Value=64000000
RCC.MCO2PinFreq_Value=64000000
RCC.PLLM=RCC_PLLM_DIV2
RCC.PLLN=16
RCC.PLLPoutputFreq_Value=96000000
RCC.PLLQoutputFreq_Value=96000000
RCC.PLLR=RCC_PLLR_DIV3
RCC.PLLRCLKFreq_Value=64000000
RCC.PLLSourceVirtual=RCC_PLLSOURCE_HSE
RCC.PWRFreq_Value=64000000
RCC.RTCClockSelection=RCC_RTCCLKSOURCE_LSE
RCC.RTCFreq_Value=32768
RCC.RTCWUPFreq_Value=32768
RCC.SYSCLKFreq_VALUE=64000000
RCC.SYSCLKSource=RCC_SYSCLKSOURCE_PLLCLK
RCC.USART1Freq_Value=64000000
RCC.USART2Freq_Value=64000000
RCC.USART3Freq_Value=64000000
RCC.USBFreq_Value=96000000
RCC.VCOInputFreq_Value=12000000
RCC.VCOOutputFreq_Value=192000000
RTC.Date=2
RTC.DayLightSaving=RTC_DAYLIGHTSAVING_NONE
RTC.Format=RTC_FORMAT_BCD
RTC.Hours=0
RTC.IPParameters=Format,Hours,Minutes,StoreOperation,Month,Date,Year,DayLightSaving
RTC.Minutes=0
RTC.Month=RTC_MONTH_MARCH
RTC.StoreOperation=RTC_STOREOPERATION_RESET
RTC.Year=26
SH.GPXTI13.0=GPIO_EXTI13
SH.GPXTI13.ConfNb=1
SH.GPXTI14.0=GPIO_EXTI14
SH.GPXTI14.ConfNb=1
SH.GPXTI2.0=GPIO_EXTI2
SH.GPXTI2.ConfNb=1
SH.GPXTI3.0=GPIO_EXTI3
SH.GPXTI3.ConfNb=1
SH.GPXTI5.0=GPIO_EXTI5
SH.GPXTI5.ConfNb=1
SH.GPXTI6.0=GPIO_EXTI6
SH.GPXTI6.ConfNb=1
SH.S_TIM1_CH1.0=TIM1_CH1,PWM Generation1 CH1
SH.S_TIM1_CH1.ConfNb=1
SH.S_TIM1_CH2.0=TIM1_CH2,PWM Generation2 CH2
SH.S_TIM1_CH2.ConfNb=1
SH.S_TIM3_CH1.0=TIM3_CH1,PWM Generation1 CH1
SH.S_TIM3_CH1.ConfNb=1
SH.S_TIM3_CH2.0=TIM3_CH2,PWM Generation2 CH2
SH.S_TIM3_CH2.ConfNb=1
SPI1.BaudRatePrescaler=SPI_BAUDRATEPRESCALER_2
SPI1.CLKPhase=SPI_PHASE_2EDGE
SPI1.CLKPolarity=SPI_POLARITY_HIGH
SPI1.CalculateBaudRate=32.0 MBits/s
SPI1.DataSize=SPI_DATASIZE_8BIT
SPI1.Direction=SPI_DIRECTION_2LINES
SPI1.FirstBit=SPI_FIRSTBIT_LSB
SPI1.IPParameters=VirtualType,Mode,Direction,CalculateBaudRate,DataSize,BaudRatePrescaler,FirstBit,CLKPolarity,CLKPhase
SPI1.Mode=SPI_MODE_MASTER
SPI1.VirtualType=VM_MASTER
TIM1.AutoReloadPreload=TIM_AUTORELOAD_PRELOAD_ENABLE
TIM1.Channel-PWM\ Generation1\ CH1=TIM_CHANNEL_1
TIM1.Channel-PWM\ Generation2\ CH2=TIM_CHANNEL_2
TIM1.IPParameters=Prescaler,Period,AutoReloadPreload,Channel-PWM Generation1 CH1,Channel-PWM Generation2 CH2,OCFastMode_PWM-PWM Generation2 CH2,OCFastMode_PWM-PWM Generation1 CH1
TIM1.OCFastMode_PWM-PWM\ Generation1\ CH1=TIM_OCFAST_ENABLE
TIM1.OCFastMode_PWM-PWM\ Generation2\ CH2=TIM_OCFAST_ENABLE
TIM1.Period=199
TIM1.Prescaler=15
TIM3.Channel-PWM\ Generation1\ CH1=TIM_CHANNEL_1
TIM3.Channel-PWM\ Generation2\ CH2=TIM_CHANNEL_2
TIM3.IPParameters=Prescaler,Period,Channel-PWM Generation1 CH1,Channel-PWM Generation2 CH2,OCFastMode_PWM-PWM Generation1 CH1,OC2Preload_PWM,OCFastMode_PWM-PWM Generation2 CH2
TIM3.OC2Preload_PWM=ENABLE
TIM3.OCFastMode_PWM-PWM\ Generation1\ CH1=TIM_OCFAST_ENABLE
TIM3.OCFastMode_PWM-PWM\ Generation2\ CH2=TIM_OCFAST_ENABLE
TIM3.Period=199
TIM3.Prescaler=15
USART1.IPParameters=VirtualMode-Asynchronous
USART1.VirtualMode-Asynchronous=VM_ASYNC
USART2.BaudRate=921600
USART2.IPParameters=VirtualMode-Asynchronous,BaudRate
USART2.VirtualMode-Asynchronous=VM_ASYNC
USART3.IPParameters=VirtualMode-Asynchronous,VirtualMode-Hardware Flow Control (RS485)
USART3.VirtualMode-Asynchronous=VM_ASYNC
USART3.VirtualMode-Hardware\ Flow\ Control\ (RS485)=VM_ASYNC
VP_CRC_VS_CRC.Mode=CRC_Activate
VP_CRC_VS_CRC.Signal=CRC_VS_CRC
VP_FREERTOS_VS_CMSIS_V2.Mode=CMSIS_V2
VP_FREERTOS_VS_CMSIS_V2.Signal=FREERTOS_VS_CMSIS_V2
VP_IWDG_VS_IWDG.Mode=IWDG_Activate
VP_IWDG_VS_IWDG.Signal=IWDG_VS_IWDG
VP_RTC_VS_RTC_Activate.Mode=RTC_Enabled
VP_RTC_VS_RTC_Activate.Signal=RTC_VS_RTC_Activate
VP_RTC_VS_RTC_Calendar.Mode=RTC_Calendar
VP_RTC_VS_RTC_Calendar.Signal=RTC_VS_RTC_Calendar
VP_SYS_VS_DBSignals.Mode=DisableDeadBatterySignals
VP_SYS_VS_DBSignals.Signal=SYS_VS_DBSignals
VP_SYS_VS_tim17.Mode=TIM17
VP_SYS_VS_tim17.Signal=SYS_VS_tim17
board=custom
rtos.0.ip=FREERTOS
